
Microsoft Visual Studio Solution File, Format Version 12.00
# Visual Studio Version 17
VisualStudioVersion = 17.0.31903.59
MinimumVisualStudioVersion = 10.0.40219.1
Project("{2150E333-8FDC-42A3-9474-1A3956D46DE8}") = "src", "src", "{DFB411A8-B73D-4C72-ABF6-E5EC10867F40}"
EndProject
Project("{FAE04EC0-301F-11D3-BF4B-00C04F79EFBC}") = "FullStackHero.DotNext.Core", "src\FullStackHero.DotNext.Core\FullStackHero.DotNext.Core.csproj", "{EAC12741-74B6-4A5F-B07F-E66BD5C6B63E}"
EndProject
Global
	GlobalSection(SolutionConfigurationPlatforms) = preSolution
		Debug|Any CPU = Debug|Any CPU
		Release|Any CPU = Release|Any CPU
	EndGlobalSection
	GlobalSection(SolutionProperties) = preSolution
		HideSolutionNode = FALSE
	EndGlobalSection
	GlobalSection(ProjectConfigurationPlatforms) = postSolution
		{EAC12741-74B6-4A5F-B07F-E66BD5C6B63E}.Debug|Any CPU.ActiveCfg = Debug|Any CPU
		{EAC12741-74B6-4A5F-B07F-E66BD5C6B63E}.Debug|Any CPU.Build.0 = Debug|Any CPU
		{EAC12741-74B6-4A5F-B07F-E66BD5C6B63E}.Release|Any CPU.ActiveCfg = Release|Any CPU
		{EAC12741-74B6-4A5F-B07F-E66BD5C6B63E}.Release|Any CPU.Build.0 = Release|Any CPU
	EndGlobalSection
	GlobalSection(NestedProjects) = preSolution
		{EAC12741-74B6-4A5F-B07F-E66BD5C6B63E} = {DFB411A8-B73D-4C72-ABF6-E5EC10867F40}
	EndGlobalSection
EndGlobal
